
Microsoft Visual Studio Solution File, Format Version 12.00
# Visual Studio Version 16
VisualStudioVersion = 16.0.31613.86
MinimumVisualStudioVersion = 10.0.40219.1
Project("{FAE04EC0-301F-11D3-BF4B-00C04F79EFBC}") = "ObserverDesignPattern", "ObserverDesignPattern\ObserverDesignPattern.csproj", "{797DC0D3-0A42-44FC-843F-13F0BFA65A7A}"
EndProject
Project("{FAE04EC0-301F-11D3-BF4B-00C04F79EFBC}") = "StrategyDesignPattern", "StrategyDesignPattern\StrategyDesignPattern.csproj", "{51FF0D8A-1D98-4B20-AA5E-3A80ADEE79F3}"
EndProject
Project("{FAE04EC0-301F-11D3-BF4B-00C04F79EFBC}") = "IteratorDesignPattern", "IteratorDesignPattern\IteratorDesignPattern.csproj", "{941AAC52-81F2-4488-A7BF-A8C2E1732619}"
EndProject
Global
	GlobalSection(SolutionConfigurationPlatforms) = preSolution
		Debug|Any CPU = Debug|Any CPU
		Release|Any CPU = Release|Any CPU
	EndGlobalSection
	GlobalSection(ProjectConfigurationPlatforms) = postSolution
		{797DC0D3-0A42-44FC-843F-13F0BFA65A7A}.Debug|Any CPU.ActiveCfg = Debug|Any CPU
		{797DC0D3-0A42-44FC-843F-13F0BFA65A7A}.Debug|Any CPU.Build.0 = Debug|Any CPU
		{797DC0D3-0A42-44FC-843F-13F0BFA65A7A}.Release|Any CPU.ActiveCfg = Release|Any CPU
		{797DC0D3-0A42-44FC-843F-13F0BFA65A7A}.Release|Any CPU.Build.0 = Release|Any CPU
		{51FF0D8A-1D98-4B20-AA5E-3A80ADEE79F3}.Debug|Any CPU.ActiveCfg = Debug|Any CPU
		{51FF0D8A-1D98-4B20-AA5E-3A80ADEE79F3}.Debug|Any CPU.Build.0 = Debug|Any CPU
		{51FF0D8A-1D98-4B20-AA5E-3A80ADEE79F3}.Release|Any CPU.ActiveCfg = Release|Any CPU
		{51FF0D8A-1D98-4B20-AA5E-3A80ADEE79F3}.Release|Any CPU.Build.0 = Release|Any CPU
		{941AAC52-81F2-4488-A7BF-A8C2E1732619}.Debug|Any CPU.ActiveCfg = Debug|Any CPU
		{941AAC52-81F2-4488-A7BF-A8C2E1732619}.Debug|Any CPU.Build.0 = Debug|Any CPU
		{941AAC52-81F2-4488-A7BF-A8C2E1732619}.Release|Any CPU.ActiveCfg = Release|Any CPU
		{941AAC52-81F2-4488-A7BF-A8C2E1732619}.Release|Any CPU.Build.0 = Release|Any CPU
	EndGlobalSection
	GlobalSection(SolutionProperties) = preSolution
		HideSolutionNode = FALSE
	EndGlobalSection
	GlobalSection(ExtensibilityGlobals) = postSolution
		SolutionGuid = {5DE4F1BD-9027-4599-8B2D-ACE8EA32FAFF}
	EndGlobalSection
EndGlobal
